
Microsoft Visual Studio Solution File, Format Version 12.00
# Visual Studio Version 16
VisualStudioVersion = 16.0.32106.194
MinimumVisualStudioVersion = 10.0.40219.1
Project("{FAE04EC0-301F-11D3-BF4B-00C04F79EFBC}") = "Ex1(4)", "Ex1(4).csproj", "{F5F384AC-2609-4484-9E24-5C0EECFB58DF}"
EndProject
Global
	GlobalSection(SolutionConfigurationPlatforms) = preSolution
		Debug|Any CPU = Debug|Any CPU
		Release|Any CPU = Release|Any CPU
	EndGlobalSection
	GlobalSection(ProjectConfigurationPlatforms) = postSolution
		{F5F384AC-2609-4484-9E24-5C0EECFB58DF}.Debug|Any CPU.ActiveCfg = Debug|Any CPU
		{F5F384AC-2609-4484-9E24-5C0EECFB58DF}.Debug|Any CPU.Build.0 = Debug|Any CPU
		{F5F384AC-2609-4484-9E24-5C0EECFB58DF}.Release|Any CPU.ActiveCfg = Release|Any CPU
		{F5F384AC-2609-4484-9E24-5C0EECFB58DF}.Release|Any CPU.Build.0 = Release|Any CPU
	EndGlobalSection
	GlobalSection(SolutionProperties) = preSolution
		HideSolutionNode = FALSE
	EndGlobalSection
	GlobalSection(ExtensibilityGlobals) = postSolution
		SolutionGuid = {91CAA995-C267-40B5-A989-2B20C0991DC3}
	EndGlobalSection
EndGlobal
